
Microsoft Visual Studio Solution File, Format Version 12.00
# Visual Studio Version 17
VisualStudioVersion = 17.5.2.0
MinimumVisualStudioVersion = 10.0.40219.1
Project("{2150E333-8FDC-42A3-9474-1A3956D46DE8}") = "src", "src", "{827E0CD3-B72D-47B6-A68D-7590B98EB39B}"
EndProject
Project("{FAE04EC0-301F-11D3-BF4B-00C04F79EFBC}") = "LinkittyDo.Api", "src\LinkittyDo.Api\LinkittyDo.Api.csproj", "{2F1ED2DC-9ED6-1C73-8274-8953FFBF4A88}"
EndProject
Project("{FAE04EC0-301F-11D3-BF4B-00C04F79EFBC}") = "LinkittyDo.Api.Tests", "src\LinkittyDo.Api.Tests\LinkittyDo.Api.Tests.csproj", "{B67F260F-1E1C-4DCC-8D42-4B516DD6224D}"
EndProject
Global
	GlobalSection(SolutionConfigurationPlatforms) = preSolution
		Debug|Any CPU = Debug|Any CPU
		Debug|x64 = Debug|x64
		Debug|x86 = Debug|x86
		Release|Any CPU = Release|Any CPU
		Release|x64 = Release|x64
		Release|x86 = Release|x86
	EndGlobalSection
	GlobalSection(ProjectConfigurationPlatforms) = postSolution
		{2F1ED2DC-9ED6-1C73-8274-8953FFBF4A88}.Debug|Any CPU.ActiveCfg = Debug|Any CPU
		{2F1ED2DC-9ED6-1C73-8274-8953FFBF4A88}.Debug|Any CPU.Build.0 = Debug|Any CPU
		{2F1ED2DC-9ED6-1C73-8274-8953FFBF4A88}.Debug|x64.ActiveCfg = Debug|Any CPU
		{2F1ED2DC-9ED6-1C73-8274-8953FFBF4A88}.Debug|x64.Build.0 = Debug|Any CPU
		{2F1ED2DC-9ED6-1C73-8274-8953FFBF4A88}.Debug|x86.ActiveCfg = Debug|Any CPU
		{2F1ED2DC-9ED6-1C73-8274-8953FFBF4A88}.Debug|x86.Build.0 = Debug|Any CPU
		{2F1ED2DC-9ED6-1C73-8274-8953FFBF4A88}.Release|Any CPU.ActiveCfg = Release|Any CPU
		{2F1ED2DC-9ED6-1C73-8274-8953FFBF4A88}.Release|Any CPU.Build.0 = Release|Any CPU
		{2F1ED2DC-9ED6-1C73-8274-8953FFBF4A88}.Release|x64.ActiveCfg = Release|Any CPU
		{2F1ED2DC-9ED6-1C73-8274-8953FFBF4A88}.Release|x64.Build.0 = Release|Any CPU
		{2F1ED2DC-9ED6-1C73-8274-8953FFBF4A88}.Release|x86.ActiveCfg = Release|Any CPU
		{2F1ED2DC-9ED6-1C73-8274-8953FFBF4A88}.Release|x86.Build.0 = Release|Any CPU
		{B67F260F-1E1C-4DCC-8D42-4B516DD6224D}.Debug|Any CPU.ActiveCfg = Debug|Any CPU
		{B67F260F-1E1C-4DCC-8D42-4B516DD6224D}.Debug|Any CPU.Build.0 = Debug|Any CPU
		{B67F260F-1E1C-4DCC-8D42-4B516DD6224D}.Debug|x64.ActiveCfg = Debug|Any CPU
		{B67F260F-1E1C-4DCC-8D42-4B516DD6224D}.Debug|x64.Build.0 = Debug|Any CPU
		{B67F260F-1E1C-4DCC-8D42-4B516DD6224D}.Debug|x86.ActiveCfg = Debug|Any CPU
		{B67F260F-1E1C-4DCC-8D42-4B516DD6224D}.Debug|x86.Build.0 = Debug|Any CPU
		{B67F260F-1E1C-4DCC-8D42-4B516DD6224D}.Release|Any CPU.ActiveCfg = Release|Any CPU
		{B67F260F-1E1C-4DCC-8D42-4B516DD6224D}.Release|Any CPU.Build.0 = Release|Any CPU
		{B67F260F-1E1C-4DCC-8D42-4B516DD6224D}.Release|x64.ActiveCfg = Release|Any CPU
		{B67F260F-1E1C-4DCC-8D42-4B516DD6224D}.Release|x64.Build.0 = Release|Any CPU
		{B67F260F-1E1C-4DCC-8D42-4B516DD6224D}.Release|x86.ActiveCfg = Release|Any CPU
		{B67F260F-1E1C-4DCC-8D42-4B516DD6224D}.Release|x86.Build.0 = Release|Any CPU
	EndGlobalSection
	GlobalSection(SolutionProperties) = preSolution
		HideSolutionNode = FALSE
	EndGlobalSection
	GlobalSection(NestedProjects) = preSolution
		{2F1ED2DC-9ED6-1C73-8274-8953FFBF4A88} = {827E0CD3-B72D-47B6-A68D-7590B98EB39B}
		{B67F260F-1E1C-4DCC-8D42-4B516DD6224D} = {827E0CD3-B72D-47B6-A68D-7590B98EB39B}
	EndGlobalSection
	GlobalSection(ExtensibilityGlobals) = postSolution
		SolutionGuid = {A9C6C11C-B6AC-42B4-A857-FA9FDF35BC54}
	EndGlobalSection
EndGlobal
